
Microsoft Visual Studio Solution File, Format Version 12.00
# Visual Studio 14
VisualStudioVersion = 14.0.25420.1
MinimumVisualStudioVersion = 10.0.40219.1
Project("{FAE04EC0-301F-11D3-BF4B-00C04F79EFBC}") = "GobangGame", "GobangGame\GobangGame.csproj", "{E6103159-33AC-474B-A5A8-EC6AECC4461F}"
EndProject
Global
	GlobalSection(SolutionConfigurationPlatforms) = preSolution
		Debug|Any CPU = Debug|Any CPU
		Release|Any CPU = Release|Any CPU
	EndGlobalSection
	GlobalSection(ProjectConfigurationPlatforms) = postSolution
		{E6103159-33AC-474B-A5A8-EC6AECC4461F}.Debug|Any CPU.ActiveCfg = Debug|Any CPU
		{E6103159-33AC-474B-A5A8-EC6AECC4461F}.Debug|Any CPU.Build.0 = Debug|Any CPU
		{E6103159-33AC-474B-A5A8-EC6AECC4461F}.Release|Any CPU.ActiveCfg = Release|Any CPU
		{E6103159-33AC-474B-A5A8-EC6AECC4461F}.Release|Any CPU.Build.0 = Release|Any CPU
	EndGlobalSection
	GlobalSection(SolutionProperties) = preSolution
		HideSolutionNode = FALSE
	EndGlobalSection
EndGlobal
